
Microsoft Visual Studio Solution File, Format Version 12.00
# Visual Studio 15
VisualStudioVersion = 15.0.28307.489
MinimumVisualStudioVersion = 10.0.40219.1
Project("{2150E333-8FDC-42A3-9474-1A3956D46DE8}") = "Chapter1", "Chapter1", "{60F410AA-8108-4780-945E-4DFB2B94941F}"
EndProject
Project("{FAE04EC0-301F-11D3-BF4B-00C04F79EFBC}") = "1_1-ParallelInvoke", "1_1-ParallelInvoke\1_1-ParallelInvoke.csproj", "{4D989B03-A1CA-4EE5-A5C0-C113EFCFC571}"
EndProject
Global
	GlobalSection(SolutionConfigurationPlatforms) = preSolution
		Debug|Any CPU = Debug|Any CPU
		Release|Any CPU = Release|Any CPU
	EndGlobalSection
	GlobalSection(ProjectConfigurationPlatforms) = postSolution
		{4D989B03-A1CA-4EE5-A5C0-C113EFCFC571}.Debug|Any CPU.ActiveCfg = Debug|Any CPU
		{4D989B03-A1CA-4EE5-A5C0-C113EFCFC571}.Debug|Any CPU.Build.0 = Debug|Any CPU
		{4D989B03-A1CA-4EE5-A5C0-C113EFCFC571}.Release|Any CPU.ActiveCfg = Release|Any CPU
		{4D989B03-A1CA-4EE5-A5C0-C113EFCFC571}.Release|Any CPU.Build.0 = Release|Any CPU
	EndGlobalSection
	GlobalSection(SolutionProperties) = preSolution
		HideSolutionNode = FALSE
	EndGlobalSection
	GlobalSection(NestedProjects) = preSolution
		{4D989B03-A1CA-4EE5-A5C0-C113EFCFC571} = {60F410AA-8108-4780-945E-4DFB2B94941F}
	EndGlobalSection
	GlobalSection(ExtensibilityGlobals) = postSolution
		SolutionGuid = {B4C86B13-9F07-449B-9DD6-C722C4407005}
	EndGlobalSection
EndGlobal
