
Microsoft Visual Studio Solution File, Format Version 12.00
# Visual Studio 15
VisualStudioVersion = 15.0.28307.489
MinimumVisualStudioVersion = 10.0.40219.1
Project("{2150E333-8FDC-42A3-9474-1A3956D46DE8}") = "Chapter1", "Chapter1", "{60F410AA-8108-4780-945E-4DFB2B94941F}"
EndProject
Project("{FAE04EC0-301F-11D3-BF4B-00C04F79EFBC}") = "1_1-ParallelInvoke", "1_1-ParallelInvoke\1_1-ParallelInvoke.csproj", "{4D989B03-A1CA-4EE5-A5C0-C113EFCFC571}"
EndProject
Project("{FAE04EC0-301F-11D3-BF4B-00C04F79EFBC}") = "1_2-ParallelForEach", "1_2-ParallelForEach\1_2-ParallelForEach.csproj", "{6D8CC43C-A2C2-4B06-ADED-1C20CD32BFBA}"
EndProject
Project("{FAE04EC0-301F-11D3-BF4B-00C04F79EFBC}") = "1_3-ParallelFor", "1_3-ParallelFor\1_3-ParallelFor.csproj", "{31425CF4-6BCD-40BE-8047-A445D6F9FAC2}"
EndProject
Project("{FAE04EC0-301F-11D3-BF4B-00C04F79EFBC}") = "1_4-ParallelForManaging", "1_4-ParallelForManaging\1_4-ParallelForManaging.csproj", "{152420D6-AEEC-4C46-98DD-6AC686177B89}"
EndProject
Project("{FAE04EC0-301F-11D3-BF4B-00C04F79EFBC}") = "1_5-ParallelLinq", "1_5-ParallelLinq\1_5-ParallelLinq.csproj", "{680B9BE6-FE22-4647-89CD-69FE9191418F}"
EndProject
Project("{FAE04EC0-301F-11D3-BF4B-00C04F79EFBC}") = "1_6-InformingParallelization", "1_6-InformingParallelization\1_6-InformingParallelization.csproj", "{50E5A31C-660A-4BF0-8444-BDEAB1C949FF}"
EndProject
Project("{FAE04EC0-301F-11D3-BF4B-00C04F79EFBC}") = "1_7-AsOrdered", "1_7-AsOrdered\1_7-AsOrdered.csproj", "{3F695C8F-A9F2-4088-AFFB-8D6ED298E2A5}"
EndProject
Global
	GlobalSection(SolutionConfigurationPlatforms) = preSolution
		Debug|Any CPU = Debug|Any CPU
		Release|Any CPU = Release|Any CPU
	EndGlobalSection
	GlobalSection(ProjectConfigurationPlatforms) = postSolution
		{4D989B03-A1CA-4EE5-A5C0-C113EFCFC571}.Debug|Any CPU.ActiveCfg = Debug|Any CPU
		{4D989B03-A1CA-4EE5-A5C0-C113EFCFC571}.Debug|Any CPU.Build.0 = Debug|Any CPU
		{4D989B03-A1CA-4EE5-A5C0-C113EFCFC571}.Release|Any CPU.ActiveCfg = Release|Any CPU
		{4D989B03-A1CA-4EE5-A5C0-C113EFCFC571}.Release|Any CPU.Build.0 = Release|Any CPU
		{6D8CC43C-A2C2-4B06-ADED-1C20CD32BFBA}.Debug|Any CPU.ActiveCfg = Debug|Any CPU
		{6D8CC43C-A2C2-4B06-ADED-1C20CD32BFBA}.Debug|Any CPU.Build.0 = Debug|Any CPU
		{6D8CC43C-A2C2-4B06-ADED-1C20CD32BFBA}.Release|Any CPU.ActiveCfg = Release|Any CPU
		{6D8CC43C-A2C2-4B06-ADED-1C20CD32BFBA}.Release|Any CPU.Build.0 = Release|Any CPU
		{31425CF4-6BCD-40BE-8047-A445D6F9FAC2}.Debug|Any CPU.ActiveCfg = Debug|Any CPU
		{31425CF4-6BCD-40BE-8047-A445D6F9FAC2}.Debug|Any CPU.Build.0 = Debug|Any CPU
		{31425CF4-6BCD-40BE-8047-A445D6F9FAC2}.Release|Any CPU.ActiveCfg = Release|Any CPU
		{31425CF4-6BCD-40BE-8047-A445D6F9FAC2}.Release|Any CPU.Build.0 = Release|Any CPU
		{152420D6-AEEC-4C46-98DD-6AC686177B89}.Debug|Any CPU.ActiveCfg = Debug|Any CPU
		{152420D6-AEEC-4C46-98DD-6AC686177B89}.Debug|Any CPU.Build.0 = Debug|Any CPU
		{152420D6-AEEC-4C46-98DD-6AC686177B89}.Release|Any CPU.ActiveCfg = Release|Any CPU
		{152420D6-AEEC-4C46-98DD-6AC686177B89}.Release|Any CPU.Build.0 = Release|Any CPU
		{680B9BE6-FE22-4647-89CD-69FE9191418F}.Debug|Any CPU.ActiveCfg = Debug|Any CPU
		{680B9BE6-FE22-4647-89CD-69FE9191418F}.Debug|Any CPU.Build.0 = Debug|Any CPU
		{680B9BE6-FE22-4647-89CD-69FE9191418F}.Release|Any CPU.ActiveCfg = Release|Any CPU
		{680B9BE6-FE22-4647-89CD-69FE9191418F}.Release|Any CPU.Build.0 = Release|Any CPU
		{50E5A31C-660A-4BF0-8444-BDEAB1C949FF}.Debug|Any CPU.ActiveCfg = Debug|Any CPU
		{50E5A31C-660A-4BF0-8444-BDEAB1C949FF}.Debug|Any CPU.Build.0 = Debug|Any CPU
		{50E5A31C-660A-4BF0-8444-BDEAB1C949FF}.Release|Any CPU.ActiveCfg = Release|Any CPU
		{50E5A31C-660A-4BF0-8444-BDEAB1C949FF}.Release|Any CPU.Build.0 = Release|Any CPU
		{3F695C8F-A9F2-4088-AFFB-8D6ED298E2A5}.Debug|Any CPU.ActiveCfg = Debug|Any CPU
		{3F695C8F-A9F2-4088-AFFB-8D6ED298E2A5}.Debug|Any CPU.Build.0 = Debug|Any CPU
		{3F695C8F-A9F2-4088-AFFB-8D6ED298E2A5}.Release|Any CPU.ActiveCfg = Release|Any CPU
		{3F695C8F-A9F2-4088-AFFB-8D6ED298E2A5}.Release|Any CPU.Build.0 = Release|Any CPU
	EndGlobalSection
	GlobalSection(SolutionProperties) = preSolution
		HideSolutionNode = FALSE
	EndGlobalSection
	GlobalSection(NestedProjects) = preSolution
		{4D989B03-A1CA-4EE5-A5C0-C113EFCFC571} = {60F410AA-8108-4780-945E-4DFB2B94941F}
		{6D8CC43C-A2C2-4B06-ADED-1C20CD32BFBA} = {60F410AA-8108-4780-945E-4DFB2B94941F}
		{31425CF4-6BCD-40BE-8047-A445D6F9FAC2} = {60F410AA-8108-4780-945E-4DFB2B94941F}
		{152420D6-AEEC-4C46-98DD-6AC686177B89} = {60F410AA-8108-4780-945E-4DFB2B94941F}
		{680B9BE6-FE22-4647-89CD-69FE9191418F} = {60F410AA-8108-4780-945E-4DFB2B94941F}
		{50E5A31C-660A-4BF0-8444-BDEAB1C949FF} = {60F410AA-8108-4780-945E-4DFB2B94941F}
		{3F695C8F-A9F2-4088-AFFB-8D6ED298E2A5} = {60F410AA-8108-4780-945E-4DFB2B94941F}
	EndGlobalSection
	GlobalSection(ExtensibilityGlobals) = postSolution
		SolutionGuid = {B4C86B13-9F07-449B-9DD6-C722C4407005}
	EndGlobalSection
EndGlobal
